{
  "nodes": {
    "nixpkgs": {
      "locked": {
        "lastModified": 1785133411,
        "narHash": "sha256-Yjv0WEg39KRYS0rBdTbu6Fc/or/ihAKk13W9sQ6VWd0=",
        "rev": "2f5a153c270b70cb0f8c11f46d96d6d3bc39f4e3",
        "revCount": 1010573,
        "type": "tarball",
        "url": "https://api.flakehub.com/f/pinned/NixOS/nixpkgs/0.2605.1010573%2Brev-2f5a153c270b70cb0f8c11f46d96d6d3bc39f4e3/019fac8a-13af-7071-a48c-f36f5c5b0113/source.tar.gz"
      },
      "original": {
        "type": "tarball",
        "url": "https://flakehub.com/f/NixOS/nixpkgs/%2A.tar.gz"
      }
    },
    "root": {
      "inputs": {
        "nixpkgs": "nixpkgs"
      }
    }
  },
  "root": "root",
  "version": 7
}
